{
  "name": "super-microbe-world",
  "lockfileVersion": 3,
  "requires": true,
  "packages": {
    "": {
      "name": "super-microbe-world",
      "devDependencies": {
        "@playwright/test": "^1.56.1",
        "@ruffle-rs/ruffle": "^0.6.0",
        "swf-parser": "^0.14.1"
      }
    },
    "node_modules/@open-flash/stream": {
      "version": "0.5.0",
      "resolved": "https://registry.npmjs.org/@open-flash/stream/-/stream-0.5.0.tgz",
      "integrity": "sha512-ozr9oV8zs06bAMh5u7a6sJRCgRkF48vz4hInRAHDey0FZB8LHqagnmlAtH86QwjnP6ILbPD2X11TmQRRkJE/OA==",
      "dev": true,
      "license": "MIT",
      "dependencies": {
        "incident": "^3.2.1",
        "semantic-types": "^0.1.1"
      },
      "engines": {
        "node": ">=14.13.1"
      }
    },
    "node_modules/@playwright/test": {
      "version": "1.56.1",
      "resolved": "https://registry.npmjs.org/@playwright/test/-/test-1.56.1.tgz",
      "integrity": "sha512-vSMYtL/zOcFpvJCW71Q/OEGQb7KYBPAdKh35WNSkaZA75JlAO8ED8UN6GUNTm3drWomcbcqRPFqQbLae8yBTdg==",
      "dev": true,
      "license": "Apache-2.0",
      "dependencies": {
        "playwright": "1.56.1"
      },
      "bin": {
        "playwright": "cli.js"
      },
      "engines": {
        "node": ">=18"
      }
    },
    "node_modules/@ruffle-rs/ruffle": {
      "version": "0.6.0",
      "resolved": "https://registry.npmjs.org/@ruffle-rs/ruffle/-/ruffle-0.6.0.tgz",
      "integrity": "sha512-P2X1zDENBoiLt2ZjPcsUzaDxoR7fVF2e1U/bi7hbIAQEjkykxljSoG8AgbywHvlVVzL9Y5tIZMRqDwIm31jgPA==",
      "dev": true,
      "license": "(MIT OR Apache-2.0)"
    },
    "node_modules/@types/object-inspect": {
      "version": "1.13.0",
      "resolved": "https://registry.npmjs.org/@types/object-inspect/-/object-inspect-1.13.0.tgz",
      "integrity": "sha512-lwGTVESDDV+XsQ1pH4UifpJ1f7OtXzQ6QBOX2Afq2bM/T3oOt8hF6exJMjjIjtEWeAN2YAo25J7HxWh97CCz9w==",
      "dev": true,
      "license": "MIT"
    },
    "node_modules/@types/pako": {
      "version": "1.0.7",
      "resolved": "https://registry.npmjs.org/@types/pako/-/pako-1.0.7.tgz",
      "integrity": "sha512-YBtzT2ztNF6R/9+UXj2wTGFnC9NklAnASt3sC0h2m1bbH7G6FyBIkt4AN8ThZpNfxUo1b2iMVO0UawiJymEt8A==",
      "dev": true,
      "license": "MIT"
    },
    "node_modules/fsevents": {
      "version": "2.3.2",
      "resolved": "https://registry.npmjs.org/fsevents/-/fsevents-2.3.2.tgz",
      "integrity": "sha512-xiqMQR4xAeHTuB9uWm+fFRcIOgKBMiOBP+eXiyT7jsgVCq1bkVygt00oASowB7EdtpOHaaPgKt812P9ab+DDKA==",
      "dev": true,
      "hasInstallScript": true,
      "license": "MIT",
      "optional": true,
      "os": [
        "darwin"
      ],
      "engines": {
        "node": "^8.16.0 || ^10.6.0 || >=11.0.0"
      }
    },
    "node_modules/incident": {
      "version": "3.2.1",
      "resolved": "https://registry.npmjs.org/incident/-/incident-3.2.1.tgz",
      "integrity": "sha512-Mejx4QijYGSBAaR8NobH5dhFC7h5q1bIClsAtdoTEl/YzqSYVE/5WgovlYUHqwdBTLHkptQ5bv9nJNsJCJDeXg==",
      "dev": true,
      "license": "MIT",
      "dependencies": {
        "@types/object-inspect": "^1.4.0",
        "object-inspect": "^1.6.0"
      }
    },
    "node_modules/kryo": {
      "version": "0.14.2",
      "resolved": "https://registry.npmjs.org/kryo/-/kryo-0.14.2.tgz",
      "integrity": "sha512-CFlZamVDc+MCTsxZwjhtI67q4x8jTMdlB0kVwZEpggQ1drsGRPE4L7WrDszgELYeqmo/1eUjlsdQ3EOgo5L4Jg==",
      "dev": true,
      "license": "MIT",
      "dependencies": {
        "@types/object-inspect": "^1.8.1",
        "incident": "^3.2.1",
        "object-inspect": "^1.12.0",
        "tslib": "^2.4.0"
      },
      "engines": {
        "node": ">=14.13.1"
      }
    },
    "node_modules/object-inspect": {
      "version": "1.13.4",
      "resolved": "https://registry.npmjs.org/object-inspect/-/object-inspect-1.13.4.tgz",
      "integrity": "sha512-W67iLl4J2EXEGTbfeHCffrjDfitvLANg0UlX3wFUUSTx92KXRFegMHUVgSqE+wvhAbi4WqjGg9czysTV2Epbew==",
      "dev": true,
      "license": "MIT",
      "engines": {
        "node": ">= 0.4"
      },
      "funding": {
        "url": "https://github.com/sponsors/ljharb"
      }
    },
    "node_modules/pako": {
      "version": "2.2.0",
      "resolved": "https://registry.npmjs.org/pako/-/pako-2.2.0.tgz",
      "integrity": "sha512-zJq6RP/5q+TO2OpFV3FHzlPnFjmkb7Nc99a5SNjJE+uu/PkpChs+NIZSSzbBoD+6kjiISXjfYdwj1ZRQ81dz/w==",
      "dev": true,
      "funding": [
        {
          "type": "github",
          "url": "https://github.com/sponsors/puzrin"
        },
        {
          "type": "github",
          "url": "https://github.com/sponsors/nodeca"
        }
      ],
      "license": "(MIT AND Zlib)"
    },
    "node_modules/playwright": {
      "version": "1.56.1",
      "resolved": "https://registry.npmjs.org/playwright/-/playwright-1.56.1.tgz",
      "integrity": "sha512-aFi5B0WovBHTEvpM3DzXTUaeN6eN0qWnTkKx4NQaH4Wvcmc153PdaY2UBdSYKaGYw+UyWXSVyxDUg5DoPEttjw==",
      "dev": true,
      "license": "Apache-2.0",
      "dependencies": {
        "playwright-core": "1.56.1"
      },
      "bin": {
        "playwright": "cli.js"
      },
      "engines": {
        "node": ">=18"
      },
      "optionalDependencies": {
        "fsevents": "2.3.2"
      }
    },
    "node_modules/playwright-core": {
      "version": "1.56.1",
      "resolved": "https://registry.npmjs.org/playwright-core/-/playwright-core-1.56.1.tgz",
      "integrity": "sha512-hutraynyn31F+Bifme+Ps9Vq59hKuUCz7H1kDOcBs+2oGguKkWTU50bBWrtz34OUWmIwpBTWDxaRPXrIXkgvmQ==",
      "dev": true,
      "license": "Apache-2.0",
      "bin": {
        "playwright-core": "cli.js"
      },
      "engines": {
        "node": ">=18"
      }
    },
    "node_modules/semantic-types": {
      "version": "0.1.1",
      "resolved": "https://registry.npmjs.org/semantic-types/-/semantic-types-0.1.1.tgz",
      "integrity": "sha512-5y1FjeeeJlifC63IzxPaVQGYEHScdXTuVEl5jEsNWOqM6jT/XEVHh7w58JgR7ze9VhUSuMUHQQaK3hmNy0iePQ==",
      "dev": true,
      "license": "MIT"
    },
    "node_modules/swf-parser": {
      "version": "0.14.1",
      "resolved": "https://registry.npmjs.org/swf-parser/-/swf-parser-0.14.1.tgz",
      "integrity": "sha512-8mmMzWcCLQfSJjH1cZXe91Qbv9qHdddxmler2f4BoFSk6FQ5nbjoRtibu2N4u8PKUw2NKzCdOvtlJ7b+IePIMw==",
      "dev": true,
      "dependencies": {
        "@open-flash/stream": "^0.5.0",
        "@types/pako": "^1.0.3",
        "incident": "^3.2.1",
        "pako": "^2.0.4",
        "semantic-types": "^0.1.1",
        "swf-types": "^0.14.0"
      },
      "engines": {
        "node": ">=14.13.1"
      }
    },
    "node_modules/swf-types": {
      "version": "0.14.0",
      "resolved": "https://registry.npmjs.org/swf-types/-/swf-types-0.14.0.tgz",
      "integrity": "sha512-DAcNlexsig4yAqA5Bw3p8x9xy9NHDzx2yjvtlDfIw++V3hdtTfhV23w9G5vw2orwkmFxp4hJG6jmQvvUpkJqLA==",
      "dev": true,
      "dependencies": {
        "incident": "^3.2.1",
        "kryo": "^0.14.0",
        "semantic-types": "^0.1.1",
        "ts-tagged": "^1.0.0"
      },
      "engines": {
        "node": ">=14.13.1"
      }
    },
    "node_modules/ts-tagged": {
      "version": "1.0.0",
      "resolved": "https://registry.npmjs.org/ts-tagged/-/ts-tagged-1.0.0.tgz",
      "integrity": "sha512-OY0Fmk33Zsp9meZjlr+PpS+HgZn2YZEr/jrU7CRpU7vRB1OtuheMMfNBXwKzZG3HkyVeeV5RSe5Y1BVeSM5VkQ==",
      "dev": true,
      "license": "MIT"
    },
    "node_modules/tslib": {
      "version": "2.8.1",
      "resolved": "https://registry.npmjs.org/tslib/-/tslib-2.8.1.tgz",
      "integrity": "sha512-oJFu94HQb+KVduSUQL7wnpmqnfmLsOA/nAh6b6EH0wCEoK0/mPeXU6c3wKDV83MkOuHPRHtSXKKU99IBazS/2w==",
      "dev": true,
      "license": "0BSD"
    }
  }
}
